{
  "originHash" : "9354223386f9634dd706e49dc860acc64514ed6c697ceaca4bc3f10c18ab5418",
  "pins" : [
    {
      "identity" : "argmax-oss-swift",
      "kind" : "remoteSourceControl",
      "location" : "https://github.com/argmaxinc/argmax-oss-swift",
      "state" : {
        "branch" : "main",
        "revision" : "dcf3a00f0ae4d5b57bc0aad92063b102b70d5fd1"
      }
    },
    {
      "identity" : "sparkle",
      "kind" : "remoteSourceControl",
      "location" : "https://github.com/sparkle-project/Sparkle",
      "state" : {
        "revision" : "5581748cef2bae787496fe6d61139aebe0a451f6",
        "version" : "2.8.1"
      }
    },
    {
      "identity" : "swift-argument-parser",
      "kind" : "remoteSourceControl",
      "location" : "https://github.com/apple/swift-argument-parser.git",
      "state" : {
        "revision" : "6a52f3251125d74daf04fcbd5e6f08a75d074382",
        "version" : "1.8.2"
      }
    }
  ],
  "version" : 3
}
